
Microsoft Visual Studio Solution File, Format Version 12.00
# Visual Studio Version 16
VisualStudioVersion = 16.0.29512.175
MinimumVisualStudioVersion = 10.0.40219.1
Project("{9A19103F-16F7-4668-BE54-9A1E7A4F7556}") = "ImproveSales", "ImproveSales\ImproveSales.csproj", "{0A8FFB4F-D45C-45E9-8C5B-D37C91430BF1}"
EndProject
Project("{9A19103F-16F7-4668-BE54-9A1E7A4F7556}") = "ImproveSales.Database", "ImproveSales.Database\ImproveSales.Database.csproj", "{81B7CE50-16D3-4006-95D6-C39B0B0D196C}"
EndProject
Global
	GlobalSection(SolutionConfigurationPlatforms) = preSolution
		Debug|Any CPU = Debug|Any CPU
		Release|Any CPU = Release|Any CPU
	EndGlobalSection
	GlobalSection(ProjectConfigurationPlatforms) = postSolution
		{0A8FFB4F-D45C-45E9-8C5B-D37C91430BF1}.Debug|Any CPU.ActiveCfg = Debug|Any CPU
		{0A8FFB4F-D45C-45E9-8C5B-D37C91430BF1}.Debug|Any CPU.Build.0 = Debug|Any CPU
		{0A8FFB4F-D45C-45E9-8C5B-D37C91430BF1}.Release|Any CPU.ActiveCfg = Release|Any CPU
		{0A8FFB4F-D45C-45E9-8C5B-D37C91430BF1}.Release|Any CPU.Build.0 = Release|Any CPU
		{81B7CE50-16D3-4006-95D6-C39B0B0D196C}.Debug|Any CPU.ActiveCfg = Debug|Any CPU
		{81B7CE50-16D3-4006-95D6-C39B0B0D196C}.Debug|Any CPU.Build.0 = Debug|Any CPU
		{81B7CE50-16D3-4006-95D6-C39B0B0D196C}.Release|Any CPU.ActiveCfg = Release|Any CPU
		{81B7CE50-16D3-4006-95D6-C39B0B0D196C}.Release|Any CPU.Build.0 = Release|Any CPU
	EndGlobalSection
	GlobalSection(SolutionProperties) = preSolution
		HideSolutionNode = FALSE
	EndGlobalSection
	GlobalSection(ExtensibilityGlobals) = postSolution
		SolutionGuid = {078B77FC-4D09-4B39-A97F-3AB33CF2820C}
	EndGlobalSection
EndGlobal
